{
  "meteor": {
    "git": "https://github.com/meteor/meteor.git",
    "branch": "master",
    "commit": "68dafc94c5f1eb6cf2350ee74e9f65130f665bc5"
  },
  "dependencies": {
    "basePackages": {
      "view": {}
    },
    "packages": {
      "view": {
        "git": "https://github.com/grmlin/meteor-view.git",
        "tag": "v0.1.0",
        "commit": "a6bbf052f4ae501a7f739aa729939fe8a2336275"
      }
    }
  }
}
